
Microsoft Visual Studio Solution File, Format Version 12.00
# Visual Studio Version 17
VisualStudioVersion = 17.4.33122.133
MinimumVisualStudioVersion = 10.0.40219.1
Project("{9A19103F-16F7-4668-BE54-9A1E7A4F7556}") = "StackExchange.StacksIcons", "src\StackExchange.StacksIcons.csproj", "{AE6CB91E-8C84-4AA5-A0EF-7871CC497E9B}"
EndProject
Project("{9A19103F-16F7-4668-BE54-9A1E7A4F7556}") = "StackExchange.StacksIcons.Test", "test\StackExchange.StacksIcons.Test.csproj", "{429DBCEC-09F8-4E58-96DC-16CF5413DE38}"
EndProject
Global
	GlobalSection(SolutionConfigurationPlatforms) = preSolution
		Debug|Any CPU = Debug|Any CPU
		Release|Any CPU = Release|Any CPU
	EndGlobalSection
	GlobalSection(ProjectConfigurationPlatforms) = postSolution
		{AE6CB91E-8C84-4AA5-A0EF-7871CC497E9B}.Debug|Any CPU.ActiveCfg = Debug|Any CPU
		{AE6CB91E-8C84-4AA5-A0EF-7871CC497E9B}.Debug|Any CPU.Build.0 = Debug|Any CPU
		{AE6CB91E-8C84-4AA5-A0EF-7871CC497E9B}.Release|Any CPU.ActiveCfg = Release|Any CPU
		{AE6CB91E-8C84-4AA5-A0EF-7871CC497E9B}.Release|Any CPU.Build.0 = Release|Any CPU
		{429DBCEC-09F8-4E58-96DC-16CF5413DE38}.Debug|Any CPU.ActiveCfg = Debug|Any CPU
		{429DBCEC-09F8-4E58-96DC-16CF5413DE38}.Debug|Any CPU.Build.0 = Debug|Any CPU
		{429DBCEC-09F8-4E58-96DC-16CF5413DE38}.Release|Any CPU.ActiveCfg = Release|Any CPU
		{429DBCEC-09F8-4E58-96DC-16CF5413DE38}.Release|Any CPU.Build.0 = Release|Any CPU
	EndGlobalSection
	GlobalSection(SolutionProperties) = preSolution
		HideSolutionNode = FALSE
	EndGlobalSection
	GlobalSection(ExtensibilityGlobals) = postSolution
		SolutionGuid = {14EF965D-7703-4BB5-A872-CF03C6128450}
	EndGlobalSection
EndGlobal
